
Microsoft Visual Studio Solution File, Format Version 12.00
Project("{FAE04EC0-301F-11D3-BF4B-00C04F79EFBC}") = "RayTracing", "RayTracing\RayTracing.csproj", "{5678912B-DB68-427C-8339-A773B2DB02B0}"
EndProject
Project("{FAE04EC0-301F-11D3-BF4B-00C04F79EFBC}") = "Tests", "Tests\Tests.csproj", "{0686B5AD-9864-435D-A1E6-EA8CB54AA694}"
EndProject
Project("{FAE04EC0-301F-11D3-BF4B-00C04F79EFBC}") = "ImageRenderer", "ImageRenderer\ImageRenderer.csproj", "{0B2A590B-6D07-4111-BE94-D82D90279993}"
EndProject
Global
	GlobalSection(SolutionConfigurationPlatforms) = preSolution
		Debug|Any CPU = Debug|Any CPU
		Release|Any CPU = Release|Any CPU
	EndGlobalSection
	GlobalSection(ProjectConfigurationPlatforms) = postSolution
		{5678912B-DB68-427C-8339-A773B2DB02B0}.Debug|Any CPU.ActiveCfg = Debug|Any CPU
		{5678912B-DB68-427C-8339-A773B2DB02B0}.Debug|Any CPU.Build.0 = Debug|Any CPU
		{5678912B-DB68-427C-8339-A773B2DB02B0}.Release|Any CPU.ActiveCfg = Release|Any CPU
		{5678912B-DB68-427C-8339-A773B2DB02B0}.Release|Any CPU.Build.0 = Release|Any CPU
		{0686B5AD-9864-435D-A1E6-EA8CB54AA694}.Debug|Any CPU.ActiveCfg = Debug|Any CPU
		{0686B5AD-9864-435D-A1E6-EA8CB54AA694}.Debug|Any CPU.Build.0 = Debug|Any CPU
		{0686B5AD-9864-435D-A1E6-EA8CB54AA694}.Release|Any CPU.ActiveCfg = Release|Any CPU
		{0686B5AD-9864-435D-A1E6-EA8CB54AA694}.Release|Any CPU.Build.0 = Release|Any CPU
		{0B2A590B-6D07-4111-BE94-D82D90279993}.Debug|Any CPU.ActiveCfg = Debug|Any CPU
		{0B2A590B-6D07-4111-BE94-D82D90279993}.Debug|Any CPU.Build.0 = Debug|Any CPU
		{0B2A590B-6D07-4111-BE94-D82D90279993}.Release|Any CPU.ActiveCfg = Release|Any CPU
		{0B2A590B-6D07-4111-BE94-D82D90279993}.Release|Any CPU.Build.0 = Release|Any CPU
	EndGlobalSection
EndGlobal
